# This file is automatically @generated by Cargo.
# It is not intended for manual editing.
version = 4

[[package]]
name = "day01_hello_rust"
version = "0.1.0"

[[package]]
name = "day02_variables_types"
version = "0.1.0"

[[package]]
name = "day03_control_flow"
version = "0.1.0"

[[package]]
name = "day04_ownership"
version = "0.1.0"

[[package]]
name = "day05_structs"
version = "0.1.0"

[[package]]
name = "day06_enums"
version = "0.1.0"
